
Microsoft Visual Studio Solution File, Format Version 12.00
# Visual Studio Version 17
VisualStudioVersion = 17.2.32526.322
MinimumVisualStudioVersion = 10.0.40219.1
Project("{FAE04EC0-301F-11D3-BF4B-00C04F79EFBC}") = "Class_1", "Class_1\Class_1.csproj", "{735BA1D2-174E-4568-9D17-D9C63273A4B0}"
EndProject
Global
	GlobalSection(SolutionConfigurationPlatforms) = preSolution
		Debug|Any CPU = Debug|Any CPU
		Release|Any CPU = Release|Any CPU
	EndGlobalSection
	GlobalSection(ProjectConfigurationPlatforms) = postSolution
		{735BA1D2-174E-4568-9D17-D9C63273A4B0}.Debug|Any CPU.ActiveCfg = Debug|Any CPU
		{735BA1D2-174E-4568-9D17-D9C63273A4B0}.Debug|Any CPU.Build.0 = Debug|Any CPU
		{735BA1D2-174E-4568-9D17-D9C63273A4B0}.Release|Any CPU.ActiveCfg = Release|Any CPU
		{735BA1D2-174E-4568-9D17-D9C63273A4B0}.Release|Any CPU.Build.0 = Release|Any CPU
	EndGlobalSection
	GlobalSection(SolutionProperties) = preSolution
		HideSolutionNode = FALSE
	EndGlobalSection
	GlobalSection(ExtensibilityGlobals) = postSolution
		SolutionGuid = {81D5464B-719F-4F69-9D53-8BF0F7AE547C}
	EndGlobalSection
EndGlobal
